
Microsoft Visual Studio Solution File, Format Version 12.00
# Visual Studio Version 17
VisualStudioVersion = 17.4.33213.308
MinimumVisualStudioVersion = 10.0.40219.1
Project("{9A19103F-16F7-4668-BE54-9A1E7A4F7556}") = "MafiaCasinoWeb", "MafiaCasinoWeb\MafiaCasinoWeb.csproj", "{1237E4DA-AD5E-497E-A6CF-BCD619380938}"
EndProject
Project("{9A19103F-16F7-4668-BE54-9A1E7A4F7556}") = "DAL", "DAL\DAL.csproj", "{BF3A9793-1149-41AF-91F9-EEBABB33D085}"
EndProject
Project("{9A19103F-16F7-4668-BE54-9A1E7A4F7556}") = "Casino", "Casino\Casino.csproj", "{77E153F9-D1DE-4BED-989F-AAE0B5342BC7}"
EndProject
Project("{FAE04EC0-301F-11D3-BF4B-00C04F79EFBC}") = "BusinessLogic", "BusinessLogic\BusinessLogic.csproj", "{93F241F5-7A45-4D1C-BCFD-534AA336F200}"
EndProject
Global
	GlobalSection(SolutionConfigurationPlatforms) = preSolution
		Debug|Any CPU = Debug|Any CPU
		Release|Any CPU = Release|Any CPU
	EndGlobalSection
	GlobalSection(ProjectConfigurationPlatforms) = postSolution
		{1237E4DA-AD5E-497E-A6CF-BCD619380938}.Debug|Any CPU.ActiveCfg = Debug|Any CPU
		{1237E4DA-AD5E-497E-A6CF-BCD619380938}.Debug|Any CPU.Build.0 = Debug|Any CPU
		{1237E4DA-AD5E-497E-A6CF-BCD619380938}.Release|Any CPU.ActiveCfg = Release|Any CPU
		{1237E4DA-AD5E-497E-A6CF-BCD619380938}.Release|Any CPU.Build.0 = Release|Any CPU
		{BF3A9793-1149-41AF-91F9-EEBABB33D085}.Debug|Any CPU.ActiveCfg = Debug|Any CPU
		{BF3A9793-1149-41AF-91F9-EEBABB33D085}.Debug|Any CPU.Build.0 = Debug|Any CPU
		{BF3A9793-1149-41AF-91F9-EEBABB33D085}.Release|Any CPU.ActiveCfg = Release|Any CPU
		{BF3A9793-1149-41AF-91F9-EEBABB33D085}.Release|Any CPU.Build.0 = Release|Any CPU
		{77E153F9-D1DE-4BED-989F-AAE0B5342BC7}.Debug|Any CPU.ActiveCfg = Debug|Any CPU
		{77E153F9-D1DE-4BED-989F-AAE0B5342BC7}.Debug|Any CPU.Build.0 = Debug|Any CPU
		{77E153F9-D1DE-4BED-989F-AAE0B5342BC7}.Release|Any CPU.ActiveCfg = Release|Any CPU
		{77E153F9-D1DE-4BED-989F-AAE0B5342BC7}.Release|Any CPU.Build.0 = Release|Any CPU
		{93F241F5-7A45-4D1C-BCFD-534AA336F200}.Debug|Any CPU.ActiveCfg = Debug|Any CPU
		{93F241F5-7A45-4D1C-BCFD-534AA336F200}.Debug|Any CPU.Build.0 = Debug|Any CPU
		{93F241F5-7A45-4D1C-BCFD-534AA336F200}.Release|Any CPU.ActiveCfg = Release|Any CPU
		{93F241F5-7A45-4D1C-BCFD-534AA336F200}.Release|Any CPU.Build.0 = Release|Any CPU
	EndGlobalSection
	GlobalSection(SolutionProperties) = preSolution
		HideSolutionNode = FALSE
	EndGlobalSection
	GlobalSection(ExtensibilityGlobals) = postSolution
		SolutionGuid = {65A8C456-2FF2-4485-9DDA-9630AD0B460F}
	EndGlobalSection
EndGlobal
